
Microsoft Visual Studio Solution File, Format Version 12.00
# Visual Studio 14
VisualStudioVersion = 14.0.25123.0
MinimumVisualStudioVersion = 10.0.40219.1
Project("{FAE04EC0-301F-11D3-BF4B-00C04F79EFBC}") = "ReverseNumbers", "Stacks-ReverseNumbers\ReverseNumbers.csproj", "{6897164A-477C-4DC9-8AB0-353F6E3F7F95}"
EndProject
Project("{FAE04EC0-301F-11D3-BF4B-00C04F79EFBC}") = "BasicStackOperations", "BasicStackOperations\BasicStackOperations.csproj", "{6CB9B0CE-02AC-4E10-B16F-B92F1A0A669E}"
EndProject
Project("{FAE04EC0-301F-11D3-BF4B-00C04F79EFBC}") = "MaximumElement", "MaximumElement\MaximumElement.csproj", "{CF2B0EA2-C7EF-4252-AE48-D5A4CFD411DB}"
EndProject
Project("{FAE04EC0-301F-11D3-BF4B-00C04F79EFBC}") = "BasicQueueOperations", "BasicQueueOperations\BasicQueueOperations.csproj", "{5E0B9210-0584-472A-ACFA-FE05885BE570}"
EndProject
Project("{FAE04EC0-301F-11D3-BF4B-00C04F79EFBC}") = "CalculateSequenceWithQueue", "CalculateSequenceWithQueue\CalculateSequenceWithQueue.csproj", "{92E4A247-BC70-4DC9-BDF8-6DFCBAE52FE1}"
EndProject
Project("{FAE04EC0-301F-11D3-BF4B-00C04F79EFBC}") = "TruckTour", "TruckTour\TruckTour.csproj", "{56B0B54E-7A92-4A17-851D-E1C7B13CE220}"
EndProject
Project("{FAE04EC0-301F-11D3-BF4B-00C04F79EFBC}") = "BalancedParentheses", "BalancedParentheses\BalancedParentheses.csproj", "{D8E4AA23-42F4-47F5-AFF0-0FE4D3184EBB}"
EndProject
Project("{FAE04EC0-301F-11D3-BF4B-00C04F79EFBC}") = "StackFibonacci", "StackFibonacci\StackFibonacci.csproj", "{D26245CA-083D-4160-AFAE-01572ED29977}"
EndProject
Project("{FAE04EC0-301F-11D3-BF4B-00C04F79EFBC}") = "RecursiveFibonacci", "RecursiveFibonacci\RecursiveFibonacci.csproj", "{1ABD8CA9-1339-4B1D-B6E6-20ACF67251F5}"
EndProject
Project("{FAE04EC0-301F-11D3-BF4B-00C04F79EFBC}") = "SimpleTextEditor", "SimpleTextEditor\SimpleTextEditor.csproj", "{D8B59ED6-8396-4A13-BA31-94E008ECB147}"
EndProject
Project("{FAE04EC0-301F-11D3-BF4B-00C04F79EFBC}") = "PoisonousPlants", "PoisonousPlants\PoisonousPlants.csproj", "{9F362D45-A156-42F3-BE00-38D3CDB4F99C}"
EndProject
Project("{2150E333-8FDC-42A3-9474-1A3956D46DE8}") = "Stacks", "Stacks", "{93EBD9D8-D154-41F0-813D-D5E0E7254FF2}"
EndProject
Project("{2150E333-8FDC-42A3-9474-1A3956D46DE8}") = "Queues", "Queues", "{9CB3388B-A41D-4495-A8AF-8465B592C195}"
EndProject
Project("{2150E333-8FDC-42A3-9474-1A3956D46DE8}") = "StacksAndQueues", "StacksAndQueues", "{5C92EAE6-36B2-4C14-9F5D-F894925A909C}"
EndProject
Global
	GlobalSection(SolutionConfigurationPlatforms) = preSolution
		Debug|Any CPU = Debug|Any CPU
		Release|Any CPU = Release|Any CPU
	EndGlobalSection
	GlobalSection(ProjectConfigurationPlatforms) = postSolution
		{6897164A-477C-4DC9-8AB0-353F6E3F7F95}.Debug|Any CPU.ActiveCfg = Debug|Any CPU
		{6897164A-477C-4DC9-8AB0-353F6E3F7F95}.Debug|Any CPU.Build.0 = Debug|Any CPU
		{6897164A-477C-4DC9-8AB0-353F6E3F7F95}.Release|Any CPU.ActiveCfg = Release|Any CPU
		{6897164A-477C-4DC9-8AB0-353F6E3F7F95}.Release|Any CPU.Build.0 = Release|Any CPU
		{6CB9B0CE-02AC-4E10-B16F-B92F1A0A669E}.Debug|Any CPU.ActiveCfg = Debug|Any CPU
		{6CB9B0CE-02AC-4E10-B16F-B92F1A0A669E}.Debug|Any CPU.Build.0 = Debug|Any CPU
		{6CB9B0CE-02AC-4E10-B16F-B92F1A0A669E}.Release|Any CPU.ActiveCfg = Release|Any CPU
		{6CB9B0CE-02AC-4E10-B16F-B92F1A0A669E}.Release|Any CPU.Build.0 = Release|Any CPU
		{CF2B0EA2-C7EF-4252-AE48-D5A4CFD411DB}.Debug|Any CPU.ActiveCfg = Debug|Any CPU
		{CF2B0EA2-C7EF-4252-AE48-D5A4CFD411DB}.Debug|Any CPU.Build.0 = Debug|Any CPU
		{CF2B0EA2-C7EF-4252-AE48-D5A4CFD411DB}.Release|Any CPU.ActiveCfg = Release|Any CPU
		{CF2B0EA2-C7EF-4252-AE48-D5A4CFD411DB}.Release|Any CPU.Build.0 = Release|Any CPU
		{5E0B9210-0584-472A-ACFA-FE05885BE570}.Debug|Any CPU.ActiveCfg = Debug|Any CPU
		{5E0B9210-0584-472A-ACFA-FE05885BE570}.Debug|Any CPU.Build.0 = Debug|Any CPU
		{5E0B9210-0584-472A-ACFA-FE05885BE570}.Release|Any CPU.ActiveCfg = Release|Any CPU
		{5E0B9210-0584-472A-ACFA-FE05885BE570}.Release|Any CPU.Build.0 = Release|Any CPU
		{92E4A247-BC70-4DC9-BDF8-6DFCBAE52FE1}.Debug|Any CPU.ActiveCfg = Debug|Any CPU
		{92E4A247-BC70-4DC9-BDF8-6DFCBAE52FE1}.Debug|Any CPU.Build.0 = Debug|Any CPU
		{92E4A247-BC70-4DC9-BDF8-6DFCBAE52FE1}.Release|Any CPU.ActiveCfg = Release|Any CPU
		{92E4A247-BC70-4DC9-BDF8-6DFCBAE52FE1}.Release|Any CPU.Build.0 = Release|Any CPU
		{56B0B54E-7A92-4A17-851D-E1C7B13CE220}.Debug|Any CPU.ActiveCfg = Debug|Any CPU
		{56B0B54E-7A92-4A17-851D-E1C7B13CE220}.Debug|Any CPU.Build.0 = Debug|Any CPU
		{56B0B54E-7A92-4A17-851D-E1C7B13CE220}.Release|Any CPU.ActiveCfg = Release|Any CPU
		{56B0B54E-7A92-4A17-851D-E1C7B13CE220}.Release|Any CPU.Build.0 = Release|Any CPU
		{D8E4AA23-42F4-47F5-AFF0-0FE4D3184EBB}.Debug|Any CPU.ActiveCfg = Debug|Any CPU
		{D8E4AA23-42F4-47F5-AFF0-0FE4D3184EBB}.Debug|Any CPU.Build.0 = Debug|Any CPU
		{D8E4AA23-42F4-47F5-AFF0-0FE4D3184EBB}.Release|Any CPU.ActiveCfg = Release|Any CPU
		{D8E4AA23-42F4-47F5-AFF0-0FE4D3184EBB}.Release|Any CPU.Build.0 = Release|Any CPU
		{D26245CA-083D-4160-AFAE-01572ED29977}.Debug|Any CPU.ActiveCfg = Debug|Any CPU
		{D26245CA-083D-4160-AFAE-01572ED29977}.Debug|Any CPU.Build.0 = Debug|Any CPU
		{D26245CA-083D-4160-AFAE-01572ED29977}.Release|Any CPU.ActiveCfg = Release|Any CPU
		{D26245CA-083D-4160-AFAE-01572ED29977}.Release|Any CPU.Build.0 = Release|Any CPU
		{1ABD8CA9-1339-4B1D-B6E6-20ACF67251F5}.Debug|Any CPU.ActiveCfg = Debug|Any CPU
		{1ABD8CA9-1339-4B1D-B6E6-20ACF67251F5}.Debug|Any CPU.Build.0 = Debug|Any CPU
		{1ABD8CA9-1339-4B1D-B6E6-20ACF67251F5}.Release|Any CPU.ActiveCfg = Release|Any CPU
		{1ABD8CA9-1339-4B1D-B6E6-20ACF67251F5}.Release|Any CPU.Build.0 = Release|Any CPU
		{D8B59ED6-8396-4A13-BA31-94E008ECB147}.Debug|Any CPU.ActiveCfg = Debug|Any CPU
		{D8B59ED6-8396-4A13-BA31-94E008ECB147}.Debug|Any CPU.Build.0 = Debug|Any CPU
		{D8B59ED6-8396-4A13-BA31-94E008ECB147}.Release|Any CPU.ActiveCfg = Release|Any CPU
		{D8B59ED6-8396-4A13-BA31-94E008ECB147}.Release|Any CPU.Build.0 = Release|Any CPU
		{9F362D45-A156-42F3-BE00-38D3CDB4F99C}.Debug|Any CPU.ActiveCfg = Debug|Any CPU
		{9F362D45-A156-42F3-BE00-38D3CDB4F99C}.Debug|Any CPU.Build.0 = Debug|Any CPU
		{9F362D45-A156-42F3-BE00-38D3CDB4F99C}.Release|Any CPU.ActiveCfg = Release|Any CPU
		{9F362D45-A156-42F3-BE00-38D3CDB4F99C}.Release|Any CPU.Build.0 = Release|Any CPU
	EndGlobalSection
	GlobalSection(SolutionProperties) = preSolution
		HideSolutionNode = FALSE
	EndGlobalSection
	GlobalSection(NestedProjects) = preSolution
		{6897164A-477C-4DC9-8AB0-353F6E3F7F95} = {93EBD9D8-D154-41F0-813D-D5E0E7254FF2}
		{6CB9B0CE-02AC-4E10-B16F-B92F1A0A669E} = {93EBD9D8-D154-41F0-813D-D5E0E7254FF2}
		{CF2B0EA2-C7EF-4252-AE48-D5A4CFD411DB} = {93EBD9D8-D154-41F0-813D-D5E0E7254FF2}
		{5E0B9210-0584-472A-ACFA-FE05885BE570} = {9CB3388B-A41D-4495-A8AF-8465B592C195}
		{92E4A247-BC70-4DC9-BDF8-6DFCBAE52FE1} = {9CB3388B-A41D-4495-A8AF-8465B592C195}
		{56B0B54E-7A92-4A17-851D-E1C7B13CE220} = {9CB3388B-A41D-4495-A8AF-8465B592C195}
		{D8E4AA23-42F4-47F5-AFF0-0FE4D3184EBB} = {5C92EAE6-36B2-4C14-9F5D-F894925A909C}
		{D26245CA-083D-4160-AFAE-01572ED29977} = {5C92EAE6-36B2-4C14-9F5D-F894925A909C}
		{1ABD8CA9-1339-4B1D-B6E6-20ACF67251F5} = {5C92EAE6-36B2-4C14-9F5D-F894925A909C}
		{D8B59ED6-8396-4A13-BA31-94E008ECB147} = {5C92EAE6-36B2-4C14-9F5D-F894925A909C}
		{9F362D45-A156-42F3-BE00-38D3CDB4F99C} = {5C92EAE6-36B2-4C14-9F5D-F894925A909C}
	EndGlobalSection
EndGlobal
