
Microsoft Visual Studio Solution File, Format Version 12.00
# Visual Studio 14
VisualStudioVersion = 14.0.23107.0
MinimumVisualStudioVersion = 10.0.40219.1
Project("{FAE04EC0-301F-11D3-BF4B-00C04F79EFBC}") = "01-Persons", "01-Persons\Persons\01-Persons.csproj", "{89B39C44-6BB3-4B06-B898-11639B44756B}"
EndProject
Project("{FAE04EC0-301F-11D3-BF4B-00C04F79EFBC}") = "02-LaptopShop", "02-LaptopShop\02-LaptopShop\02-LaptopShop.csproj", "{49220930-0483-4ED0-B87A-D587A4C3365B}"
EndProject
Project("{FAE04EC0-301F-11D3-BF4B-00C04F79EFBC}") = "03-PC-Catalog", "03-PC-Catalog\03-PC-Catalog\03-PC-Catalog.csproj", "{1C575665-B508-413D-8427-ACA9AA7159A2}"
EndProject
Global
	GlobalSection(SolutionConfigurationPlatforms) = preSolution
		Debug|Any CPU = Debug|Any CPU
		Release|Any CPU = Release|Any CPU
	EndGlobalSection
	GlobalSection(ProjectConfigurationPlatforms) = postSolution
		{89B39C44-6BB3-4B06-B898-11639B44756B}.Debug|Any CPU.ActiveCfg = Debug|Any CPU
		{89B39C44-6BB3-4B06-B898-11639B44756B}.Debug|Any CPU.Build.0 = Debug|Any CPU
		{89B39C44-6BB3-4B06-B898-11639B44756B}.Release|Any CPU.ActiveCfg = Release|Any CPU
		{89B39C44-6BB3-4B06-B898-11639B44756B}.Release|Any CPU.Build.0 = Release|Any CPU
		{49220930-0483-4ED0-B87A-D587A4C3365B}.Debug|Any CPU.ActiveCfg = Debug|Any CPU
		{49220930-0483-4ED0-B87A-D587A4C3365B}.Debug|Any CPU.Build.0 = Debug|Any CPU
		{49220930-0483-4ED0-B87A-D587A4C3365B}.Release|Any CPU.ActiveCfg = Release|Any CPU
		{49220930-0483-4ED0-B87A-D587A4C3365B}.Release|Any CPU.Build.0 = Release|Any CPU
		{1C575665-B508-413D-8427-ACA9AA7159A2}.Debug|Any CPU.ActiveCfg = Debug|Any CPU
		{1C575665-B508-413D-8427-ACA9AA7159A2}.Debug|Any CPU.Build.0 = Debug|Any CPU
		{1C575665-B508-413D-8427-ACA9AA7159A2}.Release|Any CPU.ActiveCfg = Release|Any CPU
		{1C575665-B508-413D-8427-ACA9AA7159A2}.Release|Any CPU.Build.0 = Release|Any CPU
	EndGlobalSection
	GlobalSection(SolutionProperties) = preSolution
		HideSolutionNode = FALSE
	EndGlobalSection
EndGlobal
