
Microsoft Visual Studio Solution File, Format Version 12.00
# Visual Studio 2013
VisualStudioVersion = 12.0.31101.0
MinimumVisualStudioVersion = 10.0.40219.1
Project("{FAE04EC0-301F-11D3-BF4B-00C04F79EFBC}") = "HelloCSharp", "HelloCSharp\HelloCSharp.csproj", "{08548F66-D426-40EC-87F5-D1FCCAC3BE24}"
EndProject
Project("{FAE04EC0-301F-11D3-BF4B-00C04F79EFBC}") = "PrintMyName", "PrintMyName\PrintMyName.csproj", "{5DE05350-7B41-4125-A786-23D28E0B4F24}"
EndProject
Project("{FAE04EC0-301F-11D3-BF4B-00C04F79EFBC}") = "PrintNumbers", "PrintNumbers\PrintNumbers.csproj", "{171D7CB5-DFA5-49DF-9D94-5A414E7D8EB6}"
EndProject
Project("{FAE04EC0-301F-11D3-BF4B-00C04F79EFBC}") = "PrintNameSurname", "PrintNameSurname\PrintNameSurname.csproj", "{33DA6A65-1D0A-4463-882C-B4A17EF2B83C}"
EndProject
Project("{FAE04EC0-301F-11D3-BF4B-00C04F79EFBC}") = "SquareRoot", "SquareRoot\SquareRoot.csproj", "{B5DAC90A-7DA8-41D9-879D-1102CB8665F0}"
EndProject
Project("{FAE04EC0-301F-11D3-BF4B-00C04F79EFBC}") = "PrintSequence", "PrintSequence\PrintSequence.csproj", "{7F7CC31D-EC22-4F4D-B2A5-A8718249EBD2}"
EndProject
Project("{FAE04EC0-301F-11D3-BF4B-00C04F79EFBC}") = "HorribleCode", "HorribleCode\HorribleCode.csproj", "{4469AF5D-A184-490E-AE7C-2CEADDCCBB7C}"
EndProject
Project("{FAE04EC0-301F-11D3-BF4B-00C04F79EFBC}") = "PrintLongSequence", "PrintLongSequence\PrintLongSequence.csproj", "{7B4F2431-C38E-4E9D-B5C3-1B0536B5EC1F}"
EndProject
Project("{FAE04EC0-301F-11D3-BF4B-00C04F79EFBC}") = "PrintCurrentDateTime", "PrintCurrentDateTime\PrintCurrentDateTime.csproj", "{D6828A60-63D2-4C72-AC0C-3E5F023E53A9}"
EndProject
Project("{FAE04EC0-301F-11D3-BF4B-00C04F79EFBC}") = "PrintAgeAfterTenYears", "PrintAgeAfterTenYears\PrintAgeAfterTenYears.csproj", "{D0CB8ED5-2F76-448D-8E3E-C6590C54BB65}"
EndProject
Global
	GlobalSection(SolutionConfigurationPlatforms) = preSolution
		Debug|Any CPU = Debug|Any CPU
		Release|Any CPU = Release|Any CPU
	EndGlobalSection
	GlobalSection(ProjectConfigurationPlatforms) = postSolution
		{08548F66-D426-40EC-87F5-D1FCCAC3BE24}.Debug|Any CPU.ActiveCfg = Debug|Any CPU
		{08548F66-D426-40EC-87F5-D1FCCAC3BE24}.Debug|Any CPU.Build.0 = Debug|Any CPU
		{08548F66-D426-40EC-87F5-D1FCCAC3BE24}.Release|Any CPU.ActiveCfg = Release|Any CPU
		{08548F66-D426-40EC-87F5-D1FCCAC3BE24}.Release|Any CPU.Build.0 = Release|Any CPU
		{5DE05350-7B41-4125-A786-23D28E0B4F24}.Debug|Any CPU.ActiveCfg = Debug|Any CPU
		{5DE05350-7B41-4125-A786-23D28E0B4F24}.Debug|Any CPU.Build.0 = Debug|Any CPU
		{5DE05350-7B41-4125-A786-23D28E0B4F24}.Release|Any CPU.ActiveCfg = Release|Any CPU
		{5DE05350-7B41-4125-A786-23D28E0B4F24}.Release|Any CPU.Build.0 = Release|Any CPU
		{171D7CB5-DFA5-49DF-9D94-5A414E7D8EB6}.Debug|Any CPU.ActiveCfg = Debug|Any CPU
		{171D7CB5-DFA5-49DF-9D94-5A414E7D8EB6}.Debug|Any CPU.Build.0 = Debug|Any CPU
		{171D7CB5-DFA5-49DF-9D94-5A414E7D8EB6}.Release|Any CPU.ActiveCfg = Release|Any CPU
		{171D7CB5-DFA5-49DF-9D94-5A414E7D8EB6}.Release|Any CPU.Build.0 = Release|Any CPU
		{33DA6A65-1D0A-4463-882C-B4A17EF2B83C}.Debug|Any CPU.ActiveCfg = Debug|Any CPU
		{33DA6A65-1D0A-4463-882C-B4A17EF2B83C}.Debug|Any CPU.Build.0 = Debug|Any CPU
		{33DA6A65-1D0A-4463-882C-B4A17EF2B83C}.Release|Any CPU.ActiveCfg = Release|Any CPU
		{33DA6A65-1D0A-4463-882C-B4A17EF2B83C}.Release|Any CPU.Build.0 = Release|Any CPU
		{B5DAC90A-7DA8-41D9-879D-1102CB8665F0}.Debug|Any CPU.ActiveCfg = Debug|Any CPU
		{B5DAC90A-7DA8-41D9-879D-1102CB8665F0}.Debug|Any CPU.Build.0 = Debug|Any CPU
		{B5DAC90A-7DA8-41D9-879D-1102CB8665F0}.Release|Any CPU.ActiveCfg = Release|Any CPU
		{B5DAC90A-7DA8-41D9-879D-1102CB8665F0}.Release|Any CPU.Build.0 = Release|Any CPU
		{7F7CC31D-EC22-4F4D-B2A5-A8718249EBD2}.Debug|Any CPU.ActiveCfg = Debug|Any CPU
		{7F7CC31D-EC22-4F4D-B2A5-A8718249EBD2}.Debug|Any CPU.Build.0 = Debug|Any CPU
		{7F7CC31D-EC22-4F4D-B2A5-A8718249EBD2}.Release|Any CPU.ActiveCfg = Release|Any CPU
		{7F7CC31D-EC22-4F4D-B2A5-A8718249EBD2}.Release|Any CPU.Build.0 = Release|Any CPU
		{4469AF5D-A184-490E-AE7C-2CEADDCCBB7C}.Debug|Any CPU.ActiveCfg = Debug|Any CPU
		{4469AF5D-A184-490E-AE7C-2CEADDCCBB7C}.Debug|Any CPU.Build.0 = Debug|Any CPU
		{4469AF5D-A184-490E-AE7C-2CEADDCCBB7C}.Release|Any CPU.ActiveCfg = Release|Any CPU
		{4469AF5D-A184-490E-AE7C-2CEADDCCBB7C}.Release|Any CPU.Build.0 = Release|Any CPU
		{7B4F2431-C38E-4E9D-B5C3-1B0536B5EC1F}.Debug|Any CPU.ActiveCfg = Debug|Any CPU
		{7B4F2431-C38E-4E9D-B5C3-1B0536B5EC1F}.Debug|Any CPU.Build.0 = Debug|Any CPU
		{7B4F2431-C38E-4E9D-B5C3-1B0536B5EC1F}.Release|Any CPU.ActiveCfg = Release|Any CPU
		{7B4F2431-C38E-4E9D-B5C3-1B0536B5EC1F}.Release|Any CPU.Build.0 = Release|Any CPU
		{D6828A60-63D2-4C72-AC0C-3E5F023E53A9}.Debug|Any CPU.ActiveCfg = Debug|Any CPU
		{D6828A60-63D2-4C72-AC0C-3E5F023E53A9}.Debug|Any CPU.Build.0 = Debug|Any CPU
		{D6828A60-63D2-4C72-AC0C-3E5F023E53A9}.Release|Any CPU.ActiveCfg = Release|Any CPU
		{D6828A60-63D2-4C72-AC0C-3E5F023E53A9}.Release|Any CPU.Build.0 = Release|Any CPU
		{D0CB8ED5-2F76-448D-8E3E-C6590C54BB65}.Debug|Any CPU.ActiveCfg = Debug|Any CPU
		{D0CB8ED5-2F76-448D-8E3E-C6590C54BB65}.Debug|Any CPU.Build.0 = Debug|Any CPU
		{D0CB8ED5-2F76-448D-8E3E-C6590C54BB65}.Release|Any CPU.ActiveCfg = Release|Any CPU
		{D0CB8ED5-2F76-448D-8E3E-C6590C54BB65}.Release|Any CPU.Build.0 = Release|Any CPU
	EndGlobalSection
	GlobalSection(SolutionProperties) = preSolution
		HideSolutionNode = FALSE
	EndGlobalSection
EndGlobal
