
Microsoft Visual Studio Solution File, Format Version 12.00
# Visual Studio 14
VisualStudioVersion = 14.0.25123.0
MinimumVisualStudioVersion = 10.0.40219.1
Project("{FAE04EC0-301F-11D3-BF4B-00C04F79EFBC}") = "UnqueUsernames", "UnqueUsernames\UnqueUsernames.csproj", "{D030DB82-3224-4874-B70A-0D6CAED74ECD}"
EndProject
Project("{FAE04EC0-301F-11D3-BF4B-00C04F79EFBC}") = "SetsOfElements", "SetsOfElements\SetsOfElements.csproj", "{00597B79-C45A-4C71-8B0F-51704D51F2CF}"
EndProject
Project("{FAE04EC0-301F-11D3-BF4B-00C04F79EFBC}") = "PeriodicTable", "PeriodicTable\PeriodicTable.csproj", "{002E3B10-3518-42CB-BF81-59ACACC1578E}"
EndProject
Project("{FAE04EC0-301F-11D3-BF4B-00C04F79EFBC}") = "CountSymbols", "CountSymbols\CountSymbols.csproj", "{A24F2C94-9265-4205-9D56-305C8D0D04CA}"
EndProject
Project("{FAE04EC0-301F-11D3-BF4B-00C04F79EFBC}") = "Phonebook", "Phonebook\Phonebook.csproj", "{341CDDB3-9BA3-468D-B94F-787C2F5E35BD}"
EndProject
Project("{FAE04EC0-301F-11D3-BF4B-00C04F79EFBC}") = "AMinerTask", "AMinerTask\AMinerTask.csproj", "{1D2FD85E-64DE-46F6-8747-C12C2EF21877}"
EndProject
Project("{FAE04EC0-301F-11D3-BF4B-00C04F79EFBC}") = "FixEmails", "FixEmails\FixEmails.csproj", "{B8E45D21-E414-4551-A16A-271F81382219}"
EndProject
Project("{FAE04EC0-301F-11D3-BF4B-00C04F79EFBC}") = "HandsOfCards", "HandsOfCards\HandsOfCards.csproj", "{A75BF22E-9F76-408B-A437-4282811CB6A7}"
EndProject
Project("{FAE04EC0-301F-11D3-BF4B-00C04F79EFBC}") = "UserLogs", "UserLogs\UserLogs.csproj", "{88F963EF-718E-4575-AEEC-ED48601CA0FB}"
EndProject
Project("{FAE04EC0-301F-11D3-BF4B-00C04F79EFBC}") = "PopulationCounter", "PopulationCounter\PopulationCounter.csproj", "{08D35C11-168F-401E-A064-31E77E13DDDA}"
EndProject
Project("{FAE04EC0-301F-11D3-BF4B-00C04F79EFBC}") = "LogsAggregator", "LogsAggregator\LogsAggregator.csproj", "{7489AA7C-58DF-46B7-9993-382C6EF5DAA3}"
EndProject
Project("{FAE04EC0-301F-11D3-BF4B-00C04F79EFBC}") = "LegendaryFarming", "LegendaryFarming\LegendaryFarming.csproj", "{341ADB34-C362-429B-8321-335FD1C7EB1E}"
EndProject
Project("{FAE04EC0-301F-11D3-BF4B-00C04F79EFBC}") = "SrabskoUnleashed", "SrabskoUnleashed\SrabskoUnleashed.csproj", "{AB83758C-9692-4832-B0AC-672DFC06073F}"
EndProject
Project("{FAE04EC0-301F-11D3-BF4B-00C04F79EFBC}") = "DragonArmy", "DragonArmy\DragonArmy.csproj", "{A1391E9A-7FA1-42DC-944B-E83C241A3204}"
EndProject
Project("{FAE04EC0-301F-11D3-BF4B-00C04F79EFBC}") = "RubiksMatrix", "RubiksMatrix\RubiksMatrix.csproj", "{B00E1171-6C4C-44B3-A224-EC2A8BE21E9C}"
EndProject
Project("{FAE04EC0-301F-11D3-BF4B-00C04F79EFBC}") = "TargetPractice", "TargetPractice\TargetPractice.csproj", "{F8B93B54-F9E5-46AF-B672-CEBC7C9DC1C1}"
EndProject
Project("{FAE04EC0-301F-11D3-BF4B-00C04F79EFBC}") = "LegoBlocks", "LegoBlocks\LegoBlocks.csproj", "{E5EC4BF5-B65B-438F-8EA2-4AE53A4C2D5C}"
EndProject
Project("{FAE04EC0-301F-11D3-BF4B-00C04F79EFBC}") = "RadioactiveBunnies", "RadioactiveBunnies\RadioactiveBunnies.csproj", "{22D63776-B91D-4A1F-804C-2FA1CDC8D034}"
EndProject
Project("{FAE04EC0-301F-11D3-BF4B-00C04F79EFBC}") = "Crossfire", "Crossfire\Crossfire.csproj", "{DE76A96C-C60B-419F-A36B-F18610F8C16A}"
EndProject
Project("{2150E333-8FDC-42A3-9474-1A3956D46DE8}") = "SetsAndDictionariesOperations", "SetsAndDictionariesOperations", "{1C899B2C-09F8-4262-94E4-46F460578EC2}"
EndProject
Project("{FAE04EC0-301F-11D3-BF4B-00C04F79EFBC}") = "TheHeiganDance", "TheHeiganDance\TheHeiganDance.csproj", "{004A5CC3-C52A-4ECC-8913-F56F12D27F02}"
EndProject
Project("{2150E333-8FDC-42A3-9474-1A3956D46DE8}") = "BasicDictionaryOperations", "BasicDictionaryOperations", "{14BB889A-50F6-465F-B0B5-9AFF310E34CF}"
EndProject
Project("{2150E333-8FDC-42A3-9474-1A3956D46DE8}") = "BasicSetOperations", "BasicSetOperations", "{938E4451-FDB5-4B14-8A79-C56E4F822861}"
EndProject
Project("{2150E333-8FDC-42A3-9474-1A3956D46DE8}") = "ProblemsWithMatrices", "ProblemsWithMatrices", "{23D2A191-E903-437D-977E-ECB3958F12E4}"
EndProject
Project("{FAE04EC0-301F-11D3-BF4B-00C04F79EFBC}") = "ParkingSystem", "ParkingSystem\ParkingSystem.csproj", "{F93DD2E2-E54C-43CD-9189-D81F521CD9D3}"
EndProject
Global
	GlobalSection(SolutionConfigurationPlatforms) = preSolution
		Debug|Any CPU = Debug|Any CPU
		Release|Any CPU = Release|Any CPU
	EndGlobalSection
	GlobalSection(ProjectConfigurationPlatforms) = postSolution
		{D030DB82-3224-4874-B70A-0D6CAED74ECD}.Debug|Any CPU.ActiveCfg = Debug|Any CPU
		{D030DB82-3224-4874-B70A-0D6CAED74ECD}.Debug|Any CPU.Build.0 = Debug|Any CPU
		{D030DB82-3224-4874-B70A-0D6CAED74ECD}.Release|Any CPU.ActiveCfg = Release|Any CPU
		{D030DB82-3224-4874-B70A-0D6CAED74ECD}.Release|Any CPU.Build.0 = Release|Any CPU
		{00597B79-C45A-4C71-8B0F-51704D51F2CF}.Debug|Any CPU.ActiveCfg = Debug|Any CPU
		{00597B79-C45A-4C71-8B0F-51704D51F2CF}.Debug|Any CPU.Build.0 = Debug|Any CPU
		{00597B79-C45A-4C71-8B0F-51704D51F2CF}.Release|Any CPU.ActiveCfg = Release|Any CPU
		{00597B79-C45A-4C71-8B0F-51704D51F2CF}.Release|Any CPU.Build.0 = Release|Any CPU
		{002E3B10-3518-42CB-BF81-59ACACC1578E}.Debug|Any CPU.ActiveCfg = Debug|Any CPU
		{002E3B10-3518-42CB-BF81-59ACACC1578E}.Debug|Any CPU.Build.0 = Debug|Any CPU
		{002E3B10-3518-42CB-BF81-59ACACC1578E}.Release|Any CPU.ActiveCfg = Release|Any CPU
		{002E3B10-3518-42CB-BF81-59ACACC1578E}.Release|Any CPU.Build.0 = Release|Any CPU
		{A24F2C94-9265-4205-9D56-305C8D0D04CA}.Debug|Any CPU.ActiveCfg = Debug|Any CPU
		{A24F2C94-9265-4205-9D56-305C8D0D04CA}.Debug|Any CPU.Build.0 = Debug|Any CPU
		{A24F2C94-9265-4205-9D56-305C8D0D04CA}.Release|Any CPU.ActiveCfg = Release|Any CPU
		{A24F2C94-9265-4205-9D56-305C8D0D04CA}.Release|Any CPU.Build.0 = Release|Any CPU
		{341CDDB3-9BA3-468D-B94F-787C2F5E35BD}.Debug|Any CPU.ActiveCfg = Debug|Any CPU
		{341CDDB3-9BA3-468D-B94F-787C2F5E35BD}.Debug|Any CPU.Build.0 = Debug|Any CPU
		{341CDDB3-9BA3-468D-B94F-787C2F5E35BD}.Release|Any CPU.ActiveCfg = Release|Any CPU
		{341CDDB3-9BA3-468D-B94F-787C2F5E35BD}.Release|Any CPU.Build.0 = Release|Any CPU
		{1D2FD85E-64DE-46F6-8747-C12C2EF21877}.Debug|Any CPU.ActiveCfg = Debug|Any CPU
		{1D2FD85E-64DE-46F6-8747-C12C2EF21877}.Debug|Any CPU.Build.0 = Debug|Any CPU
		{1D2FD85E-64DE-46F6-8747-C12C2EF21877}.Release|Any CPU.ActiveCfg = Release|Any CPU
		{1D2FD85E-64DE-46F6-8747-C12C2EF21877}.Release|Any CPU.Build.0 = Release|Any CPU
		{B8E45D21-E414-4551-A16A-271F81382219}.Debug|Any CPU.ActiveCfg = Debug|Any CPU
		{B8E45D21-E414-4551-A16A-271F81382219}.Debug|Any CPU.Build.0 = Debug|Any CPU
		{B8E45D21-E414-4551-A16A-271F81382219}.Release|Any CPU.ActiveCfg = Release|Any CPU
		{B8E45D21-E414-4551-A16A-271F81382219}.Release|Any CPU.Build.0 = Release|Any CPU
		{A75BF22E-9F76-408B-A437-4282811CB6A7}.Debug|Any CPU.ActiveCfg = Debug|Any CPU
		{A75BF22E-9F76-408B-A437-4282811CB6A7}.Debug|Any CPU.Build.0 = Debug|Any CPU
		{A75BF22E-9F76-408B-A437-4282811CB6A7}.Release|Any CPU.ActiveCfg = Release|Any CPU
		{A75BF22E-9F76-408B-A437-4282811CB6A7}.Release|Any CPU.Build.0 = Release|Any CPU
		{88F963EF-718E-4575-AEEC-ED48601CA0FB}.Debug|Any CPU.ActiveCfg = Debug|Any CPU
		{88F963EF-718E-4575-AEEC-ED48601CA0FB}.Debug|Any CPU.Build.0 = Debug|Any CPU
		{88F963EF-718E-4575-AEEC-ED48601CA0FB}.Release|Any CPU.ActiveCfg = Release|Any CPU
		{88F963EF-718E-4575-AEEC-ED48601CA0FB}.Release|Any CPU.Build.0 = Release|Any CPU
		{08D35C11-168F-401E-A064-31E77E13DDDA}.Debug|Any CPU.ActiveCfg = Debug|Any CPU
		{08D35C11-168F-401E-A064-31E77E13DDDA}.Debug|Any CPU.Build.0 = Debug|Any CPU
		{08D35C11-168F-401E-A064-31E77E13DDDA}.Release|Any CPU.ActiveCfg = Release|Any CPU
		{08D35C11-168F-401E-A064-31E77E13DDDA}.Release|Any CPU.Build.0 = Release|Any CPU
		{7489AA7C-58DF-46B7-9993-382C6EF5DAA3}.Debug|Any CPU.ActiveCfg = Debug|Any CPU
		{7489AA7C-58DF-46B7-9993-382C6EF5DAA3}.Debug|Any CPU.Build.0 = Debug|Any CPU
		{7489AA7C-58DF-46B7-9993-382C6EF5DAA3}.Release|Any CPU.ActiveCfg = Release|Any CPU
		{7489AA7C-58DF-46B7-9993-382C6EF5DAA3}.Release|Any CPU.Build.0 = Release|Any CPU
		{341ADB34-C362-429B-8321-335FD1C7EB1E}.Debug|Any CPU.ActiveCfg = Debug|Any CPU
		{341ADB34-C362-429B-8321-335FD1C7EB1E}.Debug|Any CPU.Build.0 = Debug|Any CPU
		{341ADB34-C362-429B-8321-335FD1C7EB1E}.Release|Any CPU.ActiveCfg = Release|Any CPU
		{341ADB34-C362-429B-8321-335FD1C7EB1E}.Release|Any CPU.Build.0 = Release|Any CPU
		{AB83758C-9692-4832-B0AC-672DFC06073F}.Debug|Any CPU.ActiveCfg = Debug|Any CPU
		{AB83758C-9692-4832-B0AC-672DFC06073F}.Debug|Any CPU.Build.0 = Debug|Any CPU
		{AB83758C-9692-4832-B0AC-672DFC06073F}.Release|Any CPU.ActiveCfg = Release|Any CPU
		{AB83758C-9692-4832-B0AC-672DFC06073F}.Release|Any CPU.Build.0 = Release|Any CPU
		{A1391E9A-7FA1-42DC-944B-E83C241A3204}.Debug|Any CPU.ActiveCfg = Debug|Any CPU
		{A1391E9A-7FA1-42DC-944B-E83C241A3204}.Debug|Any CPU.Build.0 = Debug|Any CPU
		{A1391E9A-7FA1-42DC-944B-E83C241A3204}.Release|Any CPU.ActiveCfg = Release|Any CPU
		{A1391E9A-7FA1-42DC-944B-E83C241A3204}.Release|Any CPU.Build.0 = Release|Any CPU
		{B00E1171-6C4C-44B3-A224-EC2A8BE21E9C}.Debug|Any CPU.ActiveCfg = Debug|Any CPU
		{B00E1171-6C4C-44B3-A224-EC2A8BE21E9C}.Debug|Any CPU.Build.0 = Debug|Any CPU
		{B00E1171-6C4C-44B3-A224-EC2A8BE21E9C}.Release|Any CPU.ActiveCfg = Release|Any CPU
		{B00E1171-6C4C-44B3-A224-EC2A8BE21E9C}.Release|Any CPU.Build.0 = Release|Any CPU
		{F8B93B54-F9E5-46AF-B672-CEBC7C9DC1C1}.Debug|Any CPU.ActiveCfg = Debug|Any CPU
		{F8B93B54-F9E5-46AF-B672-CEBC7C9DC1C1}.Debug|Any CPU.Build.0 = Debug|Any CPU
		{F8B93B54-F9E5-46AF-B672-CEBC7C9DC1C1}.Release|Any CPU.ActiveCfg = Release|Any CPU
		{F8B93B54-F9E5-46AF-B672-CEBC7C9DC1C1}.Release|Any CPU.Build.0 = Release|Any CPU
		{E5EC4BF5-B65B-438F-8EA2-4AE53A4C2D5C}.Debug|Any CPU.ActiveCfg = Debug|Any CPU
		{E5EC4BF5-B65B-438F-8EA2-4AE53A4C2D5C}.Debug|Any CPU.Build.0 = Debug|Any CPU
		{E5EC4BF5-B65B-438F-8EA2-4AE53A4C2D5C}.Release|Any CPU.ActiveCfg = Release|Any CPU
		{E5EC4BF5-B65B-438F-8EA2-4AE53A4C2D5C}.Release|Any CPU.Build.0 = Release|Any CPU
		{22D63776-B91D-4A1F-804C-2FA1CDC8D034}.Debug|Any CPU.ActiveCfg = Debug|Any CPU
		{22D63776-B91D-4A1F-804C-2FA1CDC8D034}.Debug|Any CPU.Build.0 = Debug|Any CPU
		{22D63776-B91D-4A1F-804C-2FA1CDC8D034}.Release|Any CPU.ActiveCfg = Release|Any CPU
		{22D63776-B91D-4A1F-804C-2FA1CDC8D034}.Release|Any CPU.Build.0 = Release|Any CPU
		{DE76A96C-C60B-419F-A36B-F18610F8C16A}.Debug|Any CPU.ActiveCfg = Debug|Any CPU
		{DE76A96C-C60B-419F-A36B-F18610F8C16A}.Debug|Any CPU.Build.0 = Debug|Any CPU
		{DE76A96C-C60B-419F-A36B-F18610F8C16A}.Release|Any CPU.ActiveCfg = Release|Any CPU
		{DE76A96C-C60B-419F-A36B-F18610F8C16A}.Release|Any CPU.Build.0 = Release|Any CPU
		{004A5CC3-C52A-4ECC-8913-F56F12D27F02}.Debug|Any CPU.ActiveCfg = Debug|Any CPU
		{004A5CC3-C52A-4ECC-8913-F56F12D27F02}.Debug|Any CPU.Build.0 = Debug|Any CPU
		{004A5CC3-C52A-4ECC-8913-F56F12D27F02}.Release|Any CPU.ActiveCfg = Release|Any CPU
		{004A5CC3-C52A-4ECC-8913-F56F12D27F02}.Release|Any CPU.Build.0 = Release|Any CPU
		{F93DD2E2-E54C-43CD-9189-D81F521CD9D3}.Debug|Any CPU.ActiveCfg = Debug|Any CPU
		{F93DD2E2-E54C-43CD-9189-D81F521CD9D3}.Debug|Any CPU.Build.0 = Debug|Any CPU
		{F93DD2E2-E54C-43CD-9189-D81F521CD9D3}.Release|Any CPU.ActiveCfg = Release|Any CPU
		{F93DD2E2-E54C-43CD-9189-D81F521CD9D3}.Release|Any CPU.Build.0 = Release|Any CPU
	EndGlobalSection
	GlobalSection(SolutionProperties) = preSolution
		HideSolutionNode = FALSE
	EndGlobalSection
	GlobalSection(NestedProjects) = preSolution
		{D030DB82-3224-4874-B70A-0D6CAED74ECD} = {938E4451-FDB5-4B14-8A79-C56E4F822861}
		{00597B79-C45A-4C71-8B0F-51704D51F2CF} = {938E4451-FDB5-4B14-8A79-C56E4F822861}
		{002E3B10-3518-42CB-BF81-59ACACC1578E} = {938E4451-FDB5-4B14-8A79-C56E4F822861}
		{A24F2C94-9265-4205-9D56-305C8D0D04CA} = {14BB889A-50F6-465F-B0B5-9AFF310E34CF}
		{341CDDB3-9BA3-468D-B94F-787C2F5E35BD} = {14BB889A-50F6-465F-B0B5-9AFF310E34CF}
		{1D2FD85E-64DE-46F6-8747-C12C2EF21877} = {14BB889A-50F6-465F-B0B5-9AFF310E34CF}
		{B8E45D21-E414-4551-A16A-271F81382219} = {14BB889A-50F6-465F-B0B5-9AFF310E34CF}
		{A75BF22E-9F76-408B-A437-4282811CB6A7} = {14BB889A-50F6-465F-B0B5-9AFF310E34CF}
		{88F963EF-718E-4575-AEEC-ED48601CA0FB} = {1C899B2C-09F8-4262-94E4-46F460578EC2}
		{08D35C11-168F-401E-A064-31E77E13DDDA} = {1C899B2C-09F8-4262-94E4-46F460578EC2}
		{7489AA7C-58DF-46B7-9993-382C6EF5DAA3} = {1C899B2C-09F8-4262-94E4-46F460578EC2}
		{341ADB34-C362-429B-8321-335FD1C7EB1E} = {1C899B2C-09F8-4262-94E4-46F460578EC2}
		{AB83758C-9692-4832-B0AC-672DFC06073F} = {1C899B2C-09F8-4262-94E4-46F460578EC2}
		{A1391E9A-7FA1-42DC-944B-E83C241A3204} = {1C899B2C-09F8-4262-94E4-46F460578EC2}
		{B00E1171-6C4C-44B3-A224-EC2A8BE21E9C} = {23D2A191-E903-437D-977E-ECB3958F12E4}
		{F8B93B54-F9E5-46AF-B672-CEBC7C9DC1C1} = {23D2A191-E903-437D-977E-ECB3958F12E4}
		{E5EC4BF5-B65B-438F-8EA2-4AE53A4C2D5C} = {23D2A191-E903-437D-977E-ECB3958F12E4}
		{22D63776-B91D-4A1F-804C-2FA1CDC8D034} = {23D2A191-E903-437D-977E-ECB3958F12E4}
		{DE76A96C-C60B-419F-A36B-F18610F8C16A} = {23D2A191-E903-437D-977E-ECB3958F12E4}
		{004A5CC3-C52A-4ECC-8913-F56F12D27F02} = {23D2A191-E903-437D-977E-ECB3958F12E4}
		{F93DD2E2-E54C-43CD-9189-D81F521CD9D3} = {23D2A191-E903-437D-977E-ECB3958F12E4}
	EndGlobalSection
EndGlobal
