
Microsoft Visual Studio Solution File, Format Version 12.00
# Visual Studio 14
VisualStudioVersion = 14.0.23107.0
MinimumVisualStudioVersion = 10.0.40219.1
Project("{FAE04EC0-301F-11D3-BF4B-00C04F79EFBC}") = "05. CatchTheBits", "CatchTheBits\05. CatchTheBits.csproj", "{EFF7EF71-8699-4B26-9F16-76521D5F124E}"
EndProject
Project("{FAE04EC0-301F-11D3-BF4B-00C04F79EFBC}") = "03. NewHouse", "NewHouse\03. NewHouse.csproj", "{15F014E8-15DD-4FA8-859C-EF7F147E982E}"
EndProject
Project("{FAE04EC0-301F-11D3-BF4B-00C04F79EFBC}") = "04. CrossingSequences", "CrossingSequences\04. CrossingSequences.csproj", "{67E53901-0436-4519-9FFB-D0A5AA6AAE23}"
EndProject
Global
	GlobalSection(SolutionConfigurationPlatforms) = preSolution
		Debug|Any CPU = Debug|Any CPU
		Release|Any CPU = Release|Any CPU
	EndGlobalSection
	GlobalSection(ProjectConfigurationPlatforms) = postSolution
		{EFF7EF71-8699-4B26-9F16-76521D5F124E}.Debug|Any CPU.ActiveCfg = Debug|Any CPU
		{EFF7EF71-8699-4B26-9F16-76521D5F124E}.Debug|Any CPU.Build.0 = Debug|Any CPU
		{EFF7EF71-8699-4B26-9F16-76521D5F124E}.Release|Any CPU.ActiveCfg = Release|Any CPU
		{EFF7EF71-8699-4B26-9F16-76521D5F124E}.Release|Any CPU.Build.0 = Release|Any CPU
		{15F014E8-15DD-4FA8-859C-EF7F147E982E}.Debug|Any CPU.ActiveCfg = Debug|Any CPU
		{15F014E8-15DD-4FA8-859C-EF7F147E982E}.Debug|Any CPU.Build.0 = Debug|Any CPU
		{15F014E8-15DD-4FA8-859C-EF7F147E982E}.Release|Any CPU.ActiveCfg = Release|Any CPU
		{15F014E8-15DD-4FA8-859C-EF7F147E982E}.Release|Any CPU.Build.0 = Release|Any CPU
		{67E53901-0436-4519-9FFB-D0A5AA6AAE23}.Debug|Any CPU.ActiveCfg = Debug|Any CPU
		{67E53901-0436-4519-9FFB-D0A5AA6AAE23}.Debug|Any CPU.Build.0 = Debug|Any CPU
		{67E53901-0436-4519-9FFB-D0A5AA6AAE23}.Release|Any CPU.ActiveCfg = Release|Any CPU
		{67E53901-0436-4519-9FFB-D0A5AA6AAE23}.Release|Any CPU.Build.0 = Release|Any CPU
	EndGlobalSection
	GlobalSection(SolutionProperties) = preSolution
		HideSolutionNode = FALSE
	EndGlobalSection
EndGlobal
