
Microsoft Visual Studio Solution File, Format Version 12.00
# Visual Studio 14
VisualStudioVersion = 14.0.23107.0
MinimumVisualStudioVersion = 10.0.40219.1
Project("{FAE04EC0-301F-11D3-BF4B-00C04F79EFBC}") = "ConsoleApplication1", "ConsoleApplication1\ConsoleApplication1.csproj", "{97BC0E9F-C146-4105-92C6-5BEF649D49CA}"
EndProject
Project("{FAE04EC0-301F-11D3-BF4B-00C04F79EFBC}") = "ConsoleApplication2", "ConsoleApplication2\ConsoleApplication2.csproj", "{4469D4B0-455A-4A96-B718-B6739E9C5693}"
EndProject
Project("{FAE04EC0-301F-11D3-BF4B-00C04F79EFBC}") = "ConsoleApplication3", "ConsoleApplication3\ConsoleApplication3.csproj", "{0D4E366C-C78C-4671-B2EA-7CFBB21120D5}"
EndProject
Project("{FAE04EC0-301F-11D3-BF4B-00C04F79EFBC}") = "ConsoleApplication4", "ConsoleApplication4\ConsoleApplication4.csproj", "{D42BEFD2-1BD7-487C-880D-6EB70344B654}"
EndProject
Project("{FAE04EC0-301F-11D3-BF4B-00C04F79EFBC}") = "ConsoleApplication5", "ConsoleApplication5\ConsoleApplication5.csproj", "{B8B555A9-377E-41A6-BA91-985B317C99D7}"
EndProject
Global
	GlobalSection(SolutionConfigurationPlatforms) = preSolution
		Debug|Any CPU = Debug|Any CPU
		Release|Any CPU = Release|Any CPU
	EndGlobalSection
	GlobalSection(ProjectConfigurationPlatforms) = postSolution
		{97BC0E9F-C146-4105-92C6-5BEF649D49CA}.Debug|Any CPU.ActiveCfg = Debug|Any CPU
		{97BC0E9F-C146-4105-92C6-5BEF649D49CA}.Debug|Any CPU.Build.0 = Debug|Any CPU
		{97BC0E9F-C146-4105-92C6-5BEF649D49CA}.Release|Any CPU.ActiveCfg = Release|Any CPU
		{97BC0E9F-C146-4105-92C6-5BEF649D49CA}.Release|Any CPU.Build.0 = Release|Any CPU
		{4469D4B0-455A-4A96-B718-B6739E9C5693}.Debug|Any CPU.ActiveCfg = Debug|Any CPU
		{4469D4B0-455A-4A96-B718-B6739E9C5693}.Debug|Any CPU.Build.0 = Debug|Any CPU
		{4469D4B0-455A-4A96-B718-B6739E9C5693}.Release|Any CPU.ActiveCfg = Release|Any CPU
		{4469D4B0-455A-4A96-B718-B6739E9C5693}.Release|Any CPU.Build.0 = Release|Any CPU
		{0D4E366C-C78C-4671-B2EA-7CFBB21120D5}.Debug|Any CPU.ActiveCfg = Debug|Any CPU
		{0D4E366C-C78C-4671-B2EA-7CFBB21120D5}.Debug|Any CPU.Build.0 = Debug|Any CPU
		{0D4E366C-C78C-4671-B2EA-7CFBB21120D5}.Release|Any CPU.ActiveCfg = Release|Any CPU
		{0D4E366C-C78C-4671-B2EA-7CFBB21120D5}.Release|Any CPU.Build.0 = Release|Any CPU
		{D42BEFD2-1BD7-487C-880D-6EB70344B654}.Debug|Any CPU.ActiveCfg = Debug|Any CPU
		{D42BEFD2-1BD7-487C-880D-6EB70344B654}.Debug|Any CPU.Build.0 = Debug|Any CPU
		{D42BEFD2-1BD7-487C-880D-6EB70344B654}.Release|Any CPU.ActiveCfg = Release|Any CPU
		{D42BEFD2-1BD7-487C-880D-6EB70344B654}.Release|Any CPU.Build.0 = Release|Any CPU
		{B8B555A9-377E-41A6-BA91-985B317C99D7}.Debug|Any CPU.ActiveCfg = Debug|Any CPU
		{B8B555A9-377E-41A6-BA91-985B317C99D7}.Debug|Any CPU.Build.0 = Debug|Any CPU
		{B8B555A9-377E-41A6-BA91-985B317C99D7}.Release|Any CPU.ActiveCfg = Release|Any CPU
		{B8B555A9-377E-41A6-BA91-985B317C99D7}.Release|Any CPU.Build.0 = Release|Any CPU
	EndGlobalSection
	GlobalSection(SolutionProperties) = preSolution
		HideSolutionNode = FALSE
	EndGlobalSection
EndGlobal
