
Microsoft Visual Studio Solution File, Format Version 12.00
# Visual Studio 14
VisualStudioVersion = 14.0.23107.0
MinimumVisualStudioVersion = 10.0.40219.1
Project("{FAE04EC0-301F-11D3-BF4B-00C04F79EFBC}") = "01. FourFactors", "FourFactors\01. FourFactors.csproj", "{3CE35644-281A-494F-9FC2-27645EEF5806}"
EndProject
Project("{FAE04EC0-301F-11D3-BF4B-00C04F79EFBC}") = "02. DetectiveBoev", "DetectiveBoev\02. DetectiveBoev.csproj", "{E441EFB1-90EF-44B8-B6C2-34C743293D2B}"
EndProject
Project("{FAE04EC0-301F-11D3-BF4B-00C04F79EFBC}") = "03. Summertime", "Summertime\03. Summertime.csproj", "{0258634D-CDB8-41C7-A73A-97D7827682D6}"
EndProject
Project("{FAE04EC0-301F-11D3-BF4B-00C04F79EFBC}") = "04. LightTheTorches", "LightTheTorches\04. LightTheTorches.csproj", "{E01E36F1-9682-41A1-BF91-CE71DE6AA30D}"
EndProject
Project("{FAE04EC0-301F-11D3-BF4B-00C04F79EFBC}") = "05. WiggleWiggle", "WiggleWiggle\05. WiggleWiggle.csproj", "{FF31504D-0304-4370-8E0B-3809CA0427B2}"
EndProject
Global
	GlobalSection(SolutionConfigurationPlatforms) = preSolution
		Debug|Any CPU = Debug|Any CPU
		Release|Any CPU = Release|Any CPU
	EndGlobalSection
	GlobalSection(ProjectConfigurationPlatforms) = postSolution
		{3CE35644-281A-494F-9FC2-27645EEF5806}.Debug|Any CPU.ActiveCfg = Debug|Any CPU
		{3CE35644-281A-494F-9FC2-27645EEF5806}.Debug|Any CPU.Build.0 = Debug|Any CPU
		{3CE35644-281A-494F-9FC2-27645EEF5806}.Release|Any CPU.ActiveCfg = Release|Any CPU
		{3CE35644-281A-494F-9FC2-27645EEF5806}.Release|Any CPU.Build.0 = Release|Any CPU
		{E441EFB1-90EF-44B8-B6C2-34C743293D2B}.Debug|Any CPU.ActiveCfg = Debug|Any CPU
		{E441EFB1-90EF-44B8-B6C2-34C743293D2B}.Debug|Any CPU.Build.0 = Debug|Any CPU
		{E441EFB1-90EF-44B8-B6C2-34C743293D2B}.Release|Any CPU.ActiveCfg = Release|Any CPU
		{E441EFB1-90EF-44B8-B6C2-34C743293D2B}.Release|Any CPU.Build.0 = Release|Any CPU
		{0258634D-CDB8-41C7-A73A-97D7827682D6}.Debug|Any CPU.ActiveCfg = Debug|Any CPU
		{0258634D-CDB8-41C7-A73A-97D7827682D6}.Debug|Any CPU.Build.0 = Debug|Any CPU
		{0258634D-CDB8-41C7-A73A-97D7827682D6}.Release|Any CPU.ActiveCfg = Release|Any CPU
		{0258634D-CDB8-41C7-A73A-97D7827682D6}.Release|Any CPU.Build.0 = Release|Any CPU
		{E01E36F1-9682-41A1-BF91-CE71DE6AA30D}.Debug|Any CPU.ActiveCfg = Debug|Any CPU
		{E01E36F1-9682-41A1-BF91-CE71DE6AA30D}.Debug|Any CPU.Build.0 = Debug|Any CPU
		{E01E36F1-9682-41A1-BF91-CE71DE6AA30D}.Release|Any CPU.ActiveCfg = Release|Any CPU
		{E01E36F1-9682-41A1-BF91-CE71DE6AA30D}.Release|Any CPU.Build.0 = Release|Any CPU
		{FF31504D-0304-4370-8E0B-3809CA0427B2}.Debug|Any CPU.ActiveCfg = Debug|Any CPU
		{FF31504D-0304-4370-8E0B-3809CA0427B2}.Debug|Any CPU.Build.0 = Debug|Any CPU
		{FF31504D-0304-4370-8E0B-3809CA0427B2}.Release|Any CPU.ActiveCfg = Release|Any CPU
		{FF31504D-0304-4370-8E0B-3809CA0427B2}.Release|Any CPU.Build.0 = Release|Any CPU
	EndGlobalSection
	GlobalSection(SolutionProperties) = preSolution
		HideSolutionNode = FALSE
	EndGlobalSection
EndGlobal
