
Microsoft Visual Studio Solution File, Format Version 12.00
# Visual Studio 14
VisualStudioVersion = 14.0.23107.0
MinimumVisualStudioVersion = 10.0.40219.1
Project("{FAE04EC0-301F-11D3-BF4B-00C04F79EFBC}") = "01a. FillingTheMatrixA", "FillingTheMatrix\01a. FillingTheMatrixA.csproj", "{FA66338A-2BF5-4300-B5A7-E4DBD78C9010}"
EndProject
Project("{FAE04EC0-301F-11D3-BF4B-00C04F79EFBC}") = "01b. FillingTheMatrixB", "FillingTheMatrixB\01b. FillingTheMatrixB.csproj", "{8FC60BBC-E0A1-44E4-A43F-788B9671BF0A}"
EndProject
Project("{FAE04EC0-301F-11D3-BF4B-00C04F79EFBC}") = "02. MaximalSum", "MaximalSum\02. MaximalSum.csproj", "{DFB1F15D-F7E5-494E-8824-F8E6108A5D57}"
EndProject
Project("{FAE04EC0-301F-11D3-BF4B-00C04F79EFBC}") = "03. MatrixShuffling", "MatrixShuffling\03. MatrixShuffling.csproj", "{DAA2300F-C010-485A-8EA2-7F08E0BE22FF}"
EndProject
Project("{FAE04EC0-301F-11D3-BF4B-00C04F79EFBC}") = "04. SequenceInAMatrix", "SequenceInAMatrix\04. SequenceInAMatrix.csproj", "{5D711108-DE8E-421B-A5BB-9FA972BB8849}"
EndProject
Project("{FAE04EC0-301F-11D3-BF4B-00C04F79EFBC}") = "05. CollectTheCoins", "CollectTheCoins\05. CollectTheCoins.csproj", "{74B486B6-1D22-4AC7-A27A-02BF756461C7}"
EndProject
Project("{FAE04EC0-301F-11D3-BF4B-00C04F79EFBC}") = "06. CountSymbols", "CountSymbols\06. CountSymbols.csproj", "{4FB6C41B-474D-47A2-A5EB-71DCF62306F1}"
EndProject
Project("{FAE04EC0-301F-11D3-BF4B-00C04F79EFBC}") = "07. Phonebook", "Phonebook\07. Phonebook.csproj", "{594DE9EC-AFBE-4FFF-8C6E-96A49DAB8263}"
EndProject
Project("{FAE04EC0-301F-11D3-BF4B-00C04F79EFBC}") = "08. NightLife", "NightLife\08. NightLife.csproj", "{EDA9CFE0-4EA7-4D58-9A02-8368B1958807}"
EndProject
Project("{FAE04EC0-301F-11D3-BF4B-00C04F79EFBC}") = "09. TerroristsWin", "TerroristsWin\09. TerroristsWin.csproj", "{0958CA13-BD1B-4793-B8D3-B7D69D0E3E57}"
EndProject
Global
	GlobalSection(SolutionConfigurationPlatforms) = preSolution
		Debug|Any CPU = Debug|Any CPU
		Release|Any CPU = Release|Any CPU
	EndGlobalSection
	GlobalSection(ProjectConfigurationPlatforms) = postSolution
		{FA66338A-2BF5-4300-B5A7-E4DBD78C9010}.Debug|Any CPU.ActiveCfg = Debug|Any CPU
		{FA66338A-2BF5-4300-B5A7-E4DBD78C9010}.Debug|Any CPU.Build.0 = Debug|Any CPU
		{FA66338A-2BF5-4300-B5A7-E4DBD78C9010}.Release|Any CPU.ActiveCfg = Release|Any CPU
		{FA66338A-2BF5-4300-B5A7-E4DBD78C9010}.Release|Any CPU.Build.0 = Release|Any CPU
		{8FC60BBC-E0A1-44E4-A43F-788B9671BF0A}.Debug|Any CPU.ActiveCfg = Debug|Any CPU
		{8FC60BBC-E0A1-44E4-A43F-788B9671BF0A}.Debug|Any CPU.Build.0 = Debug|Any CPU
		{8FC60BBC-E0A1-44E4-A43F-788B9671BF0A}.Release|Any CPU.ActiveCfg = Release|Any CPU
		{8FC60BBC-E0A1-44E4-A43F-788B9671BF0A}.Release|Any CPU.Build.0 = Release|Any CPU
		{DFB1F15D-F7E5-494E-8824-F8E6108A5D57}.Debug|Any CPU.ActiveCfg = Debug|Any CPU
		{DFB1F15D-F7E5-494E-8824-F8E6108A5D57}.Debug|Any CPU.Build.0 = Debug|Any CPU
		{DFB1F15D-F7E5-494E-8824-F8E6108A5D57}.Release|Any CPU.ActiveCfg = Release|Any CPU
		{DFB1F15D-F7E5-494E-8824-F8E6108A5D57}.Release|Any CPU.Build.0 = Release|Any CPU
		{DAA2300F-C010-485A-8EA2-7F08E0BE22FF}.Debug|Any CPU.ActiveCfg = Debug|Any CPU
		{DAA2300F-C010-485A-8EA2-7F08E0BE22FF}.Debug|Any CPU.Build.0 = Debug|Any CPU
		{DAA2300F-C010-485A-8EA2-7F08E0BE22FF}.Release|Any CPU.ActiveCfg = Release|Any CPU
		{DAA2300F-C010-485A-8EA2-7F08E0BE22FF}.Release|Any CPU.Build.0 = Release|Any CPU
		{5D711108-DE8E-421B-A5BB-9FA972BB8849}.Debug|Any CPU.ActiveCfg = Debug|Any CPU
		{5D711108-DE8E-421B-A5BB-9FA972BB8849}.Debug|Any CPU.Build.0 = Debug|Any CPU
		{5D711108-DE8E-421B-A5BB-9FA972BB8849}.Release|Any CPU.ActiveCfg = Release|Any CPU
		{5D711108-DE8E-421B-A5BB-9FA972BB8849}.Release|Any CPU.Build.0 = Release|Any CPU
		{74B486B6-1D22-4AC7-A27A-02BF756461C7}.Debug|Any CPU.ActiveCfg = Debug|Any CPU
		{74B486B6-1D22-4AC7-A27A-02BF756461C7}.Debug|Any CPU.Build.0 = Debug|Any CPU
		{74B486B6-1D22-4AC7-A27A-02BF756461C7}.Release|Any CPU.ActiveCfg = Release|Any CPU
		{74B486B6-1D22-4AC7-A27A-02BF756461C7}.Release|Any CPU.Build.0 = Release|Any CPU
		{4FB6C41B-474D-47A2-A5EB-71DCF62306F1}.Debug|Any CPU.ActiveCfg = Debug|Any CPU
		{4FB6C41B-474D-47A2-A5EB-71DCF62306F1}.Debug|Any CPU.Build.0 = Debug|Any CPU
		{4FB6C41B-474D-47A2-A5EB-71DCF62306F1}.Release|Any CPU.ActiveCfg = Release|Any CPU
		{4FB6C41B-474D-47A2-A5EB-71DCF62306F1}.Release|Any CPU.Build.0 = Release|Any CPU
		{594DE9EC-AFBE-4FFF-8C6E-96A49DAB8263}.Debug|Any CPU.ActiveCfg = Debug|Any CPU
		{594DE9EC-AFBE-4FFF-8C6E-96A49DAB8263}.Debug|Any CPU.Build.0 = Debug|Any CPU
		{594DE9EC-AFBE-4FFF-8C6E-96A49DAB8263}.Release|Any CPU.ActiveCfg = Release|Any CPU
		{594DE9EC-AFBE-4FFF-8C6E-96A49DAB8263}.Release|Any CPU.Build.0 = Release|Any CPU
		{EDA9CFE0-4EA7-4D58-9A02-8368B1958807}.Debug|Any CPU.ActiveCfg = Debug|Any CPU
		{EDA9CFE0-4EA7-4D58-9A02-8368B1958807}.Debug|Any CPU.Build.0 = Debug|Any CPU
		{EDA9CFE0-4EA7-4D58-9A02-8368B1958807}.Release|Any CPU.ActiveCfg = Release|Any CPU
		{EDA9CFE0-4EA7-4D58-9A02-8368B1958807}.Release|Any CPU.Build.0 = Release|Any CPU
		{0958CA13-BD1B-4793-B8D3-B7D69D0E3E57}.Debug|Any CPU.ActiveCfg = Debug|Any CPU
		{0958CA13-BD1B-4793-B8D3-B7D69D0E3E57}.Debug|Any CPU.Build.0 = Debug|Any CPU
		{0958CA13-BD1B-4793-B8D3-B7D69D0E3E57}.Release|Any CPU.ActiveCfg = Release|Any CPU
		{0958CA13-BD1B-4793-B8D3-B7D69D0E3E57}.Release|Any CPU.Build.0 = Release|Any CPU
	EndGlobalSection
	GlobalSection(SolutionProperties) = preSolution
		HideSolutionNode = FALSE
	EndGlobalSection
EndGlobal
