
Microsoft Visual Studio Solution File, Format Version 12.00
# Visual Studio 14
VisualStudioVersion = 14.0.23107.0
MinimumVisualStudioVersion = 10.0.40219.1
Project("{FAE04EC0-301F-11D3-BF4B-00C04F79EFBC}") = "01. SeriesOfLetters", "SeriesOfLetters\01. SeriesOfLetters.csproj", "{560E09C3-1037-49FC-873F-E1EE22A64C96}"
EndProject
Project("{FAE04EC0-301F-11D3-BF4B-00C04F79EFBC}") = "02. ReplaceHtmlUrlTag", "ReplaceHtmlUrlTag\02. ReplaceHtmlUrlTag.csproj", "{7AEC66C5-AD32-4C40-B6F1-9018C0CDE1E0}"
EndProject
Project("{FAE04EC0-301F-11D3-BF4B-00C04F79EFBC}") = "03. ExtractEmails", "ExtractEmails\03. ExtractEmails.csproj", "{1B59DE98-64B8-4964-B0E0-417CBAFE077C}"
EndProject
Global
	GlobalSection(SolutionConfigurationPlatforms) = preSolution
		Debug|Any CPU = Debug|Any CPU
		Release|Any CPU = Release|Any CPU
	EndGlobalSection
	GlobalSection(ProjectConfigurationPlatforms) = postSolution
		{560E09C3-1037-49FC-873F-E1EE22A64C96}.Debug|Any CPU.ActiveCfg = Debug|Any CPU
		{560E09C3-1037-49FC-873F-E1EE22A64C96}.Debug|Any CPU.Build.0 = Debug|Any CPU
		{560E09C3-1037-49FC-873F-E1EE22A64C96}.Release|Any CPU.ActiveCfg = Release|Any CPU
		{560E09C3-1037-49FC-873F-E1EE22A64C96}.Release|Any CPU.Build.0 = Release|Any CPU
		{7AEC66C5-AD32-4C40-B6F1-9018C0CDE1E0}.Debug|Any CPU.ActiveCfg = Debug|Any CPU
		{7AEC66C5-AD32-4C40-B6F1-9018C0CDE1E0}.Debug|Any CPU.Build.0 = Debug|Any CPU
		{7AEC66C5-AD32-4C40-B6F1-9018C0CDE1E0}.Release|Any CPU.ActiveCfg = Release|Any CPU
		{7AEC66C5-AD32-4C40-B6F1-9018C0CDE1E0}.Release|Any CPU.Build.0 = Release|Any CPU
		{1B59DE98-64B8-4964-B0E0-417CBAFE077C}.Debug|Any CPU.ActiveCfg = Debug|Any CPU
		{1B59DE98-64B8-4964-B0E0-417CBAFE077C}.Debug|Any CPU.Build.0 = Debug|Any CPU
		{1B59DE98-64B8-4964-B0E0-417CBAFE077C}.Release|Any CPU.ActiveCfg = Release|Any CPU
		{1B59DE98-64B8-4964-B0E0-417CBAFE077C}.Release|Any CPU.Build.0 = Release|Any CPU
	EndGlobalSection
	GlobalSection(SolutionProperties) = preSolution
		HideSolutionNode = FALSE
	EndGlobalSection
EndGlobal
