
Microsoft Visual Studio Solution File, Format Version 12.00
# Visual Studio 14
VisualStudioVersion = 14.0.25123.0
MinimumVisualStudioVersion = 10.0.40219.1
Project("{FAE04EC0-301F-11D3-BF4B-00C04F79EFBC}") = "CarSalesman", "CarSalesman\CarSalesman.csproj", "{36C0E35F-6F68-41CC-8EF2-E6C60B5D69CD}"
EndProject
Global
	GlobalSection(SolutionConfigurationPlatforms) = preSolution
		Debug|Any CPU = Debug|Any CPU
		Release|Any CPU = Release|Any CPU
	EndGlobalSection
	GlobalSection(ProjectConfigurationPlatforms) = postSolution
		{36C0E35F-6F68-41CC-8EF2-E6C60B5D69CD}.Debug|Any CPU.ActiveCfg = Debug|Any CPU
		{36C0E35F-6F68-41CC-8EF2-E6C60B5D69CD}.Debug|Any CPU.Build.0 = Debug|Any CPU
		{36C0E35F-6F68-41CC-8EF2-E6C60B5D69CD}.Release|Any CPU.ActiveCfg = Release|Any CPU
		{36C0E35F-6F68-41CC-8EF2-E6C60B5D69CD}.Release|Any CPU.Build.0 = Release|Any CPU
	EndGlobalSection
	GlobalSection(SolutionProperties) = preSolution
		HideSolutionNode = FALSE
	EndGlobalSection
EndGlobal
