
Microsoft Visual Studio Solution File, Format Version 12.00
# Visual Studio 14
VisualStudioVersion = 14.0.24720.0
MinimumVisualStudioVersion = 10.0.40219.1
Project("{FAE04EC0-301F-11D3-BF4B-00C04F79EFBC}") = "BoatRacingSimulator", "BoatRacingSimulator\BoatRacingSimulator.csproj", "{3A39D99D-2328-430F-B965-6A08D1169B82}"
EndProject
Project("{FAE04EC0-301F-11D3-BF4B-00C04F79EFBC}") = "UnitTestsBoatRacingSimulator", "UnitTestsBoatRacingSimulator\UnitTestsBoatRacingSimulator.csproj", "{E870FB76-C7CA-460F-9266-7B4FF5D77A3E}"
EndProject
Global
	GlobalSection(SolutionConfigurationPlatforms) = preSolution
		Debug|Any CPU = Debug|Any CPU
		Release|Any CPU = Release|Any CPU
	EndGlobalSection
	GlobalSection(ProjectConfigurationPlatforms) = postSolution
		{3A39D99D-2328-430F-B965-6A08D1169B82}.Debug|Any CPU.ActiveCfg = Debug|Any CPU
		{3A39D99D-2328-430F-B965-6A08D1169B82}.Debug|Any CPU.Build.0 = Debug|Any CPU
		{3A39D99D-2328-430F-B965-6A08D1169B82}.Release|Any CPU.ActiveCfg = Release|Any CPU
		{3A39D99D-2328-430F-B965-6A08D1169B82}.Release|Any CPU.Build.0 = Release|Any CPU
		{E870FB76-C7CA-460F-9266-7B4FF5D77A3E}.Debug|Any CPU.ActiveCfg = Debug|Any CPU
		{E870FB76-C7CA-460F-9266-7B4FF5D77A3E}.Debug|Any CPU.Build.0 = Debug|Any CPU
		{E870FB76-C7CA-460F-9266-7B4FF5D77A3E}.Release|Any CPU.ActiveCfg = Release|Any CPU
		{E870FB76-C7CA-460F-9266-7B4FF5D77A3E}.Release|Any CPU.Build.0 = Release|Any CPU
	EndGlobalSection
	GlobalSection(SolutionProperties) = preSolution
		HideSolutionNode = FALSE
	EndGlobalSection
EndGlobal
